PODS:
  - InputBarAccessoryView (4.3.0)
  - MessageKit (3.1.0):
    - InputBarAccessoryView (~> 4.3.0)

DEPENDENCIES:
  - MessageKit (from `../`)

SPEC REPOS:
  https://github.com/CocoaPods/Specs.git:
    - InputBarAccessoryView

EXTERNAL SOURCES:
  MessageKit:
    :path: "../"

SPEC CHECKSUMS:
  InputBarAccessoryView: 28dca73f28df7822fe5377f83cfc4547e22f90ff
  MessageKit: 3beb578737a5aa2bba25cc27c7b6d6faa09af5a7

PODFILE CHECKSUM: cecdb7bc8129cf99f66de9f68eea3256fec30c3d

COCOAPODS: 1.8.4
